
Microsoft Visual Studio Solution File, Format Version 12.00
# Visual Studio Version 16
VisualStudioVersion = 16.0.29418.71
MinimumVisualStudioVersion = 10.0.40219.1
Project("{FAE04EC0-301F-11D3-BF4B-00C04F79EFBC}") = "Castano.Web", "src\Castano.Web\Castano.Web.csproj", "{05C685ED-BAE7-4032-87D4-25D650072670}"
EndProject
Project("{FAE04EC0-301F-11D3-BF4B-00C04F79EFBC}") = "Castano.Data", "src\Castano.Data\Castano.Data.csproj", "{BE120D82-1B38-436F-8294-BDE17012546C}"
EndProject
Project("{FAE04EC0-301F-11D3-BF4B-00C04F79EFBC}") = "Castano.Service", "src\Castano.Service\Castano.Service.csproj", "{23151CF8-4710-4F6F-8501-E6DCF338D830}"
EndProject
Global
	GlobalSection(SolutionConfigurationPlatforms) = preSolution
		Debug|Any CPU = Debug|Any CPU
		Release|Any CPU = Release|Any CPU
	EndGlobalSection
	GlobalSection(ProjectConfigurationPlatforms) = postSolution
		{05C685ED-BAE7-4032-87D4-25D650072670}.Debug|Any CPU.ActiveCfg = Debug|Any CPU
		{05C685ED-BAE7-4032-87D4-25D650072670}.Debug|Any CPU.Build.0 = Debug|Any CPU
		{05C685ED-BAE7-4032-87D4-25D650072670}.Release|Any CPU.ActiveCfg = Release|Any CPU
		{05C685ED-BAE7-4032-87D4-25D650072670}.Release|Any CPU.Build.0 = Release|Any CPU
		{BE120D82-1B38-436F-8294-BDE17012546C}.Debug|Any CPU.ActiveCfg = Debug|Any CPU
		{BE120D82-1B38-436F-8294-BDE17012546C}.Debug|Any CPU.Build.0 = Debug|Any CPU
		{BE120D82-1B38-436F-8294-BDE17012546C}.Release|Any CPU.ActiveCfg = Release|Any CPU
		{BE120D82-1B38-436F-8294-BDE17012546C}.Release|Any CPU.Build.0 = Release|Any CPU
		{23151CF8-4710-4F6F-8501-E6DCF338D830}.Debug|Any CPU.ActiveCfg = Debug|Any CPU
		{23151CF8-4710-4F6F-8501-E6DCF338D830}.Debug|Any CPU.Build.0 = Debug|Any CPU
		{23151CF8-4710-4F6F-8501-E6DCF338D830}.Release|Any CPU.ActiveCfg = Release|Any CPU
		{23151CF8-4710-4F6F-8501-E6DCF338D830}.Release|Any CPU.Build.0 = Release|Any CPU
	EndGlobalSection
	GlobalSection(SolutionProperties) = preSolution
		HideSolutionNode = FALSE
	EndGlobalSection
	GlobalSection(ExtensibilityGlobals) = postSolution
		SolutionGuid = {2472C913-5B48-49D4-97D9-7FAB552458BA}
	EndGlobalSection
EndGlobal
